# THIS IS AN AUTOGENERATED FILE. DO NOT EDIT THIS FILE DIRECTLY.
# yarn lockfile v1


"@types/react-ga@^2.3.0":
  version "2.3.0"
  resolved "https://registry.yarnpkg.com/@types/react-ga/-/react-ga-2.3.0.tgz#dbd56dd622cabb5baebc896e3ee67dfdc29babc1"
  integrity sha512-7Vkv6wH1Kem4vkjuJxRYxDgLfokm0shugDk0W5p9C28POrsPAXezLbgP5C2tyFZ7lKARdyrCxwkdRTC1UV0dHg==
  dependencies:
    react-ga "*"

react-ga@*, react-ga@^3.1.2:
  version "3.1.2"
  resolved "https://registry.yarnpkg.com/react-ga/-/react-ga-3.1.2.tgz#e13f211c51a2e5c401ea69cf094b9501fe3c51ce"
  integrity sha512-OJrMqaHEHbodm+XsnjA6ISBEHTwvpFrxco65mctzl/v3CASMSLSyUkFqz9yYrPDKGBUfNQzKCjuMJwctjlWBbw==
